
Microsoft Visual Studio Solution File, Format Version 12.00
# Visual Studio Version 17
VisualStudioVersion = 17.14.36811.4
MinimumVisualStudioVersion = 10.0.40219.1
Project("{FAE04EC0-301F-11D3-BF4B-00C04F79EFBC}") = "Project", "Project.csproj", "{1963B86A-12B5-491D-ABAF-F292CD69ECE5}"
EndProject
Global
	GlobalSection(SolutionConfigurationPlatforms) = preSolution
		Debug|Any CPU = Debug|Any CPU
		Release|Any CPU = Release|Any CPU
	EndGlobalSection
	GlobalSection(ProjectConfigurationPlatforms) = postSolution
		{1963B86A-12B5-491D-ABAF-F292CD69ECE5}.Debug|Any CPU.ActiveCfg = Debug|Any CPU
		{1963B86A-12B5-491D-ABAF-F292CD69ECE5}.Debug|Any CPU.Build.0 = Debug|Any CPU
		{1963B86A-12B5-491D-ABAF-F292CD69ECE5}.Release|Any CPU.ActiveCfg = Release|Any CPU
		{1963B86A-12B5-491D-ABAF-F292CD69ECE5}.Release|Any CPU.Build.0 = Release|Any CPU
	EndGlobalSection
	GlobalSection(SolutionProperties) = preSolution
		HideSolutionNode = FALSE
	EndGlobalSection
	GlobalSection(ExtensibilityGlobals) = postSolution
		SolutionGuid = {BC2DB294-5B9C-466A-9D3A-AABEB1633835}
	EndGlobalSection
EndGlobal
